
Microsoft Visual Studio Solution File, Format Version 12.00
# Visual Studio Version 16
VisualStudioVersion = 16.0.32510.428
MinimumVisualStudioVersion = 10.0.40219.1
Project("{FAE04EC0-301F-11D3-BF4B-00C04F79EFBC}") = "DailyReport", "DailyReport\DailyReport.csproj", "{4AE3930B-C9B6-4BF9-8A38-70DEA20A349C}"
EndProject
Global
	GlobalSection(SolutionConfigurationPlatforms) = preSolution
		Debug|Any CPU = Debug|Any CPU
		Release|Any CPU = Release|Any CPU
	EndGlobalSection
	GlobalSection(ProjectConfigurationPlatforms) = postSolution
		{4AE3930B-C9B6-4BF9-8A38-70DEA20A349C}.Debug|Any CPU.ActiveCfg = Debug|Any CPU
		{4AE3930B-C9B6-4BF9-8A38-70DEA20A349C}.Debug|Any CPU.Build.0 = Debug|Any CPU
		{4AE3930B-C9B6-4BF9-8A38-70DEA20A349C}.Release|Any CPU.ActiveCfg = Release|Any CPU
		{4AE3930B-C9B6-4BF9-8A38-70DEA20A349C}.Release|Any CPU.Build.0 = Release|Any CPU
	EndGlobalSection
	GlobalSection(SolutionProperties) = preSolution
		HideSolutionNode = FALSE
	EndGlobalSection
	GlobalSection(ExtensibilityGlobals) = postSolution
		SolutionGuid = {B321CB9E-6A5E-437A-8DC8-E62ECC4FA85A}
	EndGlobalSection
EndGlobal
