
Microsoft Visual Studio Solution File, Format Version 12.00
# Visual Studio Version 16
VisualStudioVersion = 16.0.32510.428
MinimumVisualStudioVersion = 10.0.40219.1
Project("{FAE04EC0-301F-11D3-BF4B-00C04F79EFBC}") = "MethodSubmission2.cs", "MethodSubmission2.cs\MethodSubmission2.cs.csproj", "{7BA06580-ADA6-4A55-8890-4909A52E7FFF}"
EndProject
Global
	GlobalSection(SolutionConfigurationPlatforms) = preSolution
		Debug|Any CPU = Debug|Any CPU
		Release|Any CPU = Release|Any CPU
	EndGlobalSection
	GlobalSection(ProjectConfigurationPlatforms) = postSolution
		{7BA06580-ADA6-4A55-8890-4909A52E7FFF}.Debug|Any CPU.ActiveCfg = Debug|Any CPU
		{7BA06580-ADA6-4A55-8890-4909A52E7FFF}.Debug|Any CPU.Build.0 = Debug|Any CPU
		{7BA06580-ADA6-4A55-8890-4909A52E7FFF}.Release|Any CPU.ActiveCfg = Release|Any CPU
		{7BA06580-ADA6-4A55-8890-4909A52E7FFF}.Release|Any CPU.Build.0 = Release|Any CPU
	EndGlobalSection
	GlobalSection(SolutionProperties) = preSolution
		HideSolutionNode = FALSE
	EndGlobalSection
	GlobalSection(ExtensibilityGlobals) = postSolution
		SolutionGuid = {9CE860C2-4039-412F-8465-D67DC26D8181}
	EndGlobalSection
EndGlobal
