
Microsoft Visual Studio Solution File, Format Version 12.00
# Visual Studio Version 16
VisualStudioVersion = 16.0.32510.428
MinimumVisualStudioVersion = 10.0.40219.1
Project("{FAE04EC0-301F-11D3-BF4B-00C04F79EFBC}") = "StringIntegers", "StringIntegers\StringIntegers.csproj", "{483038EB-1D60-4C27-BDB6-7320C922D6A5}"
EndProject
Global
	GlobalSection(SolutionConfigurationPlatforms) = preSolution
		Debug|Any CPU = Debug|Any CPU
		Release|Any CPU = Release|Any CPU
	EndGlobalSection
	GlobalSection(ProjectConfigurationPlatforms) = postSolution
		{483038EB-1D60-4C27-BDB6-7320C922D6A5}.Debug|Any CPU.ActiveCfg = Debug|Any CPU
		{483038EB-1D60-4C27-BDB6-7320C922D6A5}.Debug|Any CPU.Build.0 = Debug|Any CPU
		{483038EB-1D60-4C27-BDB6-7320C922D6A5}.Release|Any CPU.ActiveCfg = Release|Any CPU
		{483038EB-1D60-4C27-BDB6-7320C922D6A5}.Release|Any CPU.Build.0 = Release|Any CPU
	EndGlobalSection
	GlobalSection(SolutionProperties) = preSolution
		HideSolutionNode = FALSE
	EndGlobalSection
	GlobalSection(ExtensibilityGlobals) = postSolution
		SolutionGuid = {43B83394-A39B-478F-A2D9-BA307817F11D}
	EndGlobalSection
EndGlobal
