
Microsoft Visual Studio Solution File, Format Version 12.00
# Visual Studio Version 16
VisualStudioVersion = 16.0.32510.428
MinimumVisualStudioVersion = 10.0.40219.1
Project("{FAE04EC0-301F-11D3-BF4B-00C04F79EFBC}") = "Constructor", "Constructor\Constructor.csproj", "{2F6794A2-A430-43C3-AD9D-972503D7B760}"
EndProject
Global
	GlobalSection(SolutionConfigurationPlatforms) = preSolution
		Debug|Any CPU = Debug|Any CPU
		Release|Any CPU = Release|Any CPU
	EndGlobalSection
	GlobalSection(ProjectConfigurationPlatforms) = postSolution
		{2F6794A2-A430-43C3-AD9D-972503D7B760}.Debug|Any CPU.ActiveCfg = Debug|Any CPU
		{2F6794A2-A430-43C3-AD9D-972503D7B760}.Debug|Any CPU.Build.0 = Debug|Any CPU
		{2F6794A2-A430-43C3-AD9D-972503D7B760}.Release|Any CPU.ActiveCfg = Release|Any CPU
		{2F6794A2-A430-43C3-AD9D-972503D7B760}.Release|Any CPU.Build.0 = Release|Any CPU
	EndGlobalSection
	GlobalSection(SolutionProperties) = preSolution
		HideSolutionNode = FALSE
	EndGlobalSection
	GlobalSection(ExtensibilityGlobals) = postSolution
		SolutionGuid = {3C0791CE-05EB-4D84-B74C-4E37C3CA6A91}
	EndGlobalSection
EndGlobal
