
Microsoft Visual Studio Solution File, Format Version 12.00
# Visual Studio Version 16
VisualStudioVersion = 16.0.32602.291
MinimumVisualStudioVersion = 10.0.40219.1
Project("{FAE04EC0-301F-11D3-BF4B-00C04F79EFBC}") = "MyFirstAzureProj", "MyFirstAzureProj\MyFirstAzureProj.csproj", "{708C0CCF-DF7E-4900-85AE-943971C97B0D}"
EndProject
Global
	GlobalSection(SolutionConfigurationPlatforms) = preSolution
		Debug|Any CPU = Debug|Any CPU
		Release|Any CPU = Release|Any CPU
	EndGlobalSection
	GlobalSection(ProjectConfigurationPlatforms) = postSolution
		{708C0CCF-DF7E-4900-85AE-943971C97B0D}.Debug|Any CPU.ActiveCfg = Debug|Any CPU
		{708C0CCF-DF7E-4900-85AE-943971C97B0D}.Debug|Any CPU.Build.0 = Debug|Any CPU
		{708C0CCF-DF7E-4900-85AE-943971C97B0D}.Release|Any CPU.ActiveCfg = Release|Any CPU
		{708C0CCF-DF7E-4900-85AE-943971C97B0D}.Release|Any CPU.Build.0 = Release|Any CPU
	EndGlobalSection
	GlobalSection(SolutionProperties) = preSolution
		HideSolutionNode = FALSE
	EndGlobalSection
	GlobalSection(ExtensibilityGlobals) = postSolution
		SolutionGuid = {4C571B0C-F7F4-4DBD-A7DA-B347BA173800}
	EndGlobalSection
EndGlobal
